// !$*UTF8*$!
{
	archiveVersion = 1;
	classes = {
	};
	objectVersion = 46;
	objects = {

/* Begin PBXBuildFile section */
		B56B600893DC7144BE0E6A48 /* Pods_CocoaCongress.framework in Frameworks */ = {isa = PBXBuildFile; fileRef = 96C3CC8F57A795B2BCE9F629 /* Pods_CocoaCongress.framework */; };
		DE0E303A1DD96FA500427054 /* ComTabBarController.swift in Sources */ = {isa = PBXBuildFile; fileRef = DE0E30391DD96FA500427054 /* ComTabBarController.swift */; };
		DE0E303C1DD9701200427054 /* FavTabBarController.swift in Sources */ = {isa = PBXBuildFile; fileRef = DE0E303B1DD9701200427054 /* FavTabBarController.swift */; };
		DE0E303E1DD9725300427054 /* AboutViewController.swift in Sources */ = {isa = PBXBuildFile; fileRef = DE0E303D1DD9725300427054 /* AboutViewController.swift */; };
		DE0E30401DD97E9A00427054 /* ExSlideMenuController.swift in Sources */ = {isa = PBXBuildFile; fileRef = DE0E303F1DD97E9A00427054 /* ExSlideMenuController.swift */; };
		DE0E30461DDA805900427054 /* LegisTableViewCell.swift in Sources */ = {isa = PBXBuildFile; fileRef = DE0E30441DDA805900427054 /* LegisTableViewCell.swift */; };
		DE0E30471DDA805900427054 /* LegisTableViewCell.xib in Resources */ = {isa = PBXBuildFile; fileRef = DE0E30451DDA805900427054 /* LegisTableViewCell.xib */; };
		DE3BD41C1DD8EAC600402FD3 /* AppDelegate.swift in Sources */ = {isa = PBXBuildFile; fileRef = DE3BD41B1DD8EAC600402FD3 /* AppDelegate.swift */; };
		DE3BD4211DD8EAC600402FD3 /* Main.storyboard in Resources */ = {isa = PBXBuildFile; fileRef = DE3BD41F1DD8EAC600402FD3 /* Main.storyboard */; };
		DE3BD4231DD8EAC600402FD3 /* Assets.xcassets in Resources */ = {isa = PBXBuildFile; fileRef = DE3BD4221DD8EAC600402FD3 /* Assets.xcassets */; };
		DE3BD4261DD8EAC600402FD3 /* LaunchScreen.storyboard in Resources */ = {isa = PBXBuildFile; fileRef = DE3BD4241DD8EAC600402FD3 /* LaunchScreen.storyboard */; };
		DE3BD4311DD8EAC600402FD3 /* CocoaCongressTests.swift in Sources */ = {isa = PBXBuildFile; fileRef = DE3BD4301DD8EAC600402FD3 /* CocoaCongressTests.swift */; };
		DE3BD43C1DD8EAC600402FD3 /* CocoaCongressUITests.swift in Sources */ = {isa = PBXBuildFile; fileRef = DE3BD43B1DD8EAC600402FD3 /* CocoaCongressUITests.swift */; };
		DE3BD44C1DD92CC800402FD3 /* LeftMenuViewController.swift in Sources */ = {isa = PBXBuildFile; fileRef = DE3BD44B1DD92CC800402FD3 /* LeftMenuViewController.swift */; };
		DE3BD44E1DD92D6700402FD3 /* LegislatorTabBarController.swift in Sources */ = {isa = PBXBuildFile; fileRef = DE3BD44D1DD92D6700402FD3 /* LegislatorTabBarController.swift */; };
		DE3BD4501DD92DBE00402FD3 /* LegStateViewController.swift in Sources */ = {isa = PBXBuildFile; fileRef = DE3BD44F1DD92DBE00402FD3 /* LegStateViewController.swift */; };
		DE3BD4521DD92EC300402FD3 /* BillTabBarController.swift in Sources */ = {isa = PBXBuildFile; fileRef = DE3BD4511DD92EC300402FD3 /* BillTabBarController.swift */; };
		DE3BD4551DD9371700402FD3 /* UIColor.swift in Sources */ = {isa = PBXBuildFile; fileRef = DE3BD4541DD9371700402FD3 /* UIColor.swift */; };
		DE3BD4571DD9375100402FD3 /* String.swift in Sources */ = {isa = PBXBuildFile; fileRef = DE3BD4561DD9375100402FD3 /* String.swift */; };
		DE3BD4591DD937C300402FD3 /* UIViewController.swift in Sources */ = {isa = PBXBuildFile; fileRef = DE3BD4581DD937C300402FD3 /* UIViewController.swift */; };
		DE3BD45B1DD937EC00402FD3 /* UIApplication.swift in Sources */ = {isa = PBXBuildFile; fileRef = DE3BD45A1DD937EC00402FD3 /* UIApplication.swift */; };
		DE3BD45D1DD93B6500402FD3 /* UITableView.swift in Sources */ = {isa = PBXBuildFile; fileRef = DE3BD45C1DD93B6500402FD3 /* UITableView.swift */; };
		DE3BD4601DD93EE600402FD3 /* MenuHeaderView.xib in Resources */ = {isa = PBXBuildFile; fileRef = DE3BD45F1DD93EE600402FD3 /* MenuHeaderView.xib */; };
		DE3BD4621DD9402300402FD3 /* MenuHeaderView.swift in Sources */ = {isa = PBXBuildFile; fileRef = DE3BD4611DD9402300402FD3 /* MenuHeaderView.swift */; };
		DE3BD4641DD9463D00402FD3 /* UIView.swift in Sources */ = {isa = PBXBuildFile; fileRef = DE3BD4631DD9463D00402FD3 /* UIView.swift */; };
		DEC64F981DDAFE07001B8B9A /* LegHouseViewController.swift in Sources */ = {isa = PBXBuildFile; fileRef = DEC64F971DDAFE07001B8B9A /* LegHouseViewController.swift */; };
		DEC64F9C1DDBA279001B8B9A /* LegisSubViews.storyboard in Resources */ = {isa = PBXBuildFile; fileRef = DEC64F9B1DDBA279001B8B9A /* LegisSubViews.storyboard */; };
		DEC64F9E1DDBA2AB001B8B9A /* LegisDetailViewController.swift in Sources */ = {isa = PBXBuildFile; fileRef = DEC64F9D1DDBA2AB001B8B9A /* LegisDetailViewController.swift */; };
/* End PBXBuildFile section */

/* Begin PBXContainerItemProxy section */
		DE3BD42D1DD8EAC600402FD3 /* PBXContainerItemProxy */ = {
			isa = PBXContainerItemProxy;
			containerPortal = DE3BD4101DD8EAC600402FD3 /* Project object */;
			proxyType = 1;
			remoteGlobalIDString = DE3BD4171DD8EAC600402FD3;
			remoteInfo = CocoaCongress;
		};
		DE3BD4381DD8EAC600402FD3 /* PBXContainerItemProxy */ = {
			isa = PBXContainerItemProxy;
			containerPortal = DE3BD4101DD8EAC600402FD3 /* Project object */;
			proxyType = 1;
			remoteGlobalIDString = DE3BD4171DD8EAC600402FD3;
			remoteInfo = CocoaCongress;
		};
/* End PBXContainerItemProxy section */

/* Begin PBXFileReference section */
		08B3074B0B0A0DCECB174696 /* Pods-CocoaCongress.release.xcconfig */ = {isa = PBXFileReference; includeInIndex = 1; lastKnownFileType = text.xcconfig; name = "Pods-CocoaCongress.release.xcconfig"; path = "Pods/Target Support Files/Pods-CocoaCongress/Pods-CocoaCongress.release.xcconfig"; sourceTree = "<group>"; };
		96C3CC8F57A795B2BCE9F629 /* Pods_CocoaCongress.framework */ = {isa = PBXFileReference; explicitFileType = wrapper.framework; includeInIndex = 0; path = Pods_CocoaCongress.framework; sourceTree = BUILT_PRODUCTS_DIR; };
		D6A92E67A7F7B0E4873FFA9D /* Pods-CocoaCongress.debug.xcconfig */ = {isa = PBXFileReference; includeInIndex = 1; lastKnownFileType = text.xcconfig; name = "Pods-CocoaCongress.debug.xcconfig"; path = "Pods/Target Support Files/Pods-CocoaCongress/Pods-CocoaCongress.debug.xcconfig"; sourceTree = "<group>"; };
		DE0E30391DD96FA500427054 /* ComTabBarController.swift */ = {isa = PBXFileReference; fileEncoding = 4; lastKnownFileType = sourcecode.swift; path = ComTabBarController.swift; sourceTree = "<group>"; };
		DE0E303B1DD9701200427054 /* FavTabBarController.swift */ = {isa = PBXFileReference; fileEncoding = 4; lastKnownFileType = sourcecode.swift; path = FavTabBarController.swift; sourceTree = "<group>"; };
		DE0E303D1DD9725300427054 /* AboutViewController.swift */ = {isa = PBXFileReference; fileEncoding = 4; lastKnownFileType = sourcecode.swift; path = AboutViewController.swift; sourceTree = "<group>"; };
		DE0E303F1DD97E9A00427054 /* ExSlideMenuController.swift */ = {isa = PBXFileReference; fileEncoding = 4; lastKnownFileType = sourcecode.swift; path = ExSlideMenuController.swift; sourceTree = "<group>"; };
		DE0E30441DDA805900427054 /* LegisTableViewCell.swift */ = {isa = PBXFileReference; fileEncoding = 4; lastKnownFileType = sourcecode.swift; path = LegisTableViewCell.swift; sourceTree = "<group>"; };
		DE0E30451DDA805900427054 /* LegisTableViewCell.xib */ = {isa = PBXFileReference; fileEncoding = 4; lastKnownFileType = file.xib; path = LegisTableViewCell.xib; sourceTree = "<group>"; };
		DE3BD4181DD8EAC600402FD3 /* CocoaCongress.app */ = {isa = PBXFileReference; explicitFileType = wrapper.application; includeInIndex = 0; path = CocoaCongress.app; sourceTree = BUILT_PRODUCTS_DIR; };
		DE3BD41B1DD8EAC600402FD3 /* AppDelegate.swift */ = {isa = PBXFileReference; lastKnownFileType = sourcecode.swift; path = AppDelegate.swift; sourceTree = "<group>"; };
		DE3BD4201DD8EAC600402FD3 /* Base */ = {isa = PBXFileReference; lastKnownFileType = file.storyboard; name = Base; path = Base.lproj/Main.storyboard; sourceTree = "<group>"; };
		DE3BD4221DD8EAC600402FD3 /* Assets.xcassets */ = {isa = PBXFileReference; lastKnownFileType = folder.assetcatalog; path = Assets.xcassets; sourceTree = "<group>"; };
		DE3BD4251DD8EAC600402FD3 /* Base */ = {isa = PBXFileReference; lastKnownFileType = file.storyboard; name = Base; path = Base.lproj/LaunchScreen.storyboard; sourceTree = "<group>"; };
		DE3BD4271DD8EAC600402FD3 /* Info.plist */ = {isa = PBXFileReference; lastKnownFileType = text.plist.xml; path = Info.plist; sourceTree = "<group>"; };
		DE3BD42C1DD8EAC600402FD3 /* CocoaCongressTests.xctest */ = {isa = PBXFileReference; explicitFileType = wrapper.cfbundle; includeInIndex = 0; path = CocoaCongressTests.xctest; sourceTree = BUILT_PRODUCTS_DIR; };
		DE3BD4301DD8EAC600402FD3 /* CocoaCongressTests.swift */ = {isa = PBXFileReference; lastKnownFileType = sourcecode.swift; path = CocoaCongressTests.swift; sourceTree = "<group>"; };
		DE3BD4321DD8EAC600402FD3 /* Info.plist */ = {isa = PBXFileReference; lastKnownFileType = text.plist.xml; path = Info.plist; sourceTree = "<group>"; };
		DE3BD4371DD8EAC600402FD3 /* CocoaCongressUITests.xctest */ = {isa = PBXFileReference; explicitFileType = wrapper.cfbundle; includeInIndex = 0; path = CocoaCongressUITests.xctest; sourceTree = BUILT_PRODUCTS_DIR; };
		DE3BD43B1DD8EAC600402FD3 /* CocoaCongressUITests.swift */ = {isa = PBXFileReference; lastKnownFileType = sourcecode.swift; path = CocoaCongressUITests.swift; sourceTree = "<group>"; };
		DE3BD43D1DD8EAC600402FD3 /* Info.plist */ = {isa = PBXFileReference; lastKnownFileType = text.plist.xml; path = Info.plist; sourceTree = "<group>"; };
		DE3BD44B1DD92CC800402FD3 /* LeftMenuViewController.swift */ = {isa = PBXFileReference; fileEncoding = 4; lastKnownFileType = sourcecode.swift; path = LeftMenuViewController.swift; sourceTree = "<group>"; };
		DE3BD44D1DD92D6700402FD3 /* LegislatorTabBarController.swift */ = {isa = PBXFileReference; fileEncoding = 4; lastKnownFileType = sourcecode.swift; path = LegislatorTabBarController.swift; sourceTree = "<group>"; };
		DE3BD44F1DD92DBE00402FD3 /* LegStateViewController.swift */ = {isa = PBXFileReference; fileEncoding = 4; lastKnownFileType = sourcecode.swift; path = LegStateViewController.swift; sourceTree = "<group>"; };
		DE3BD4511DD92EC300402FD3 /* BillTabBarController.swift */ = {isa = PBXFileReference; fileEncoding = 4; lastKnownFileType = sourcecode.swift; path = BillTabBarController.swift; sourceTree = "<group>"; };
		DE3BD4541DD9371700402FD3 /* UIColor.swift */ = {isa = PBXFileReference; fileEncoding = 4; lastKnownFileType = sourcecode.swift; path = UIColor.swift; sourceTree = "<group>"; };
		DE3BD4561DD9375100402FD3 /* String.swift */ = {isa = PBXFileReference; fileEncoding = 4; lastKnownFileType = sourcecode.swift; path = String.swift; sourceTree = "<group>"; };
		DE3BD4581DD937C300402FD3 /* UIViewController.swift */ = {isa = PBXFileReference; fileEncoding = 4; lastKnownFileType = sourcecode.swift; path = UIViewController.swift; sourceTree = "<group>"; };
		DE3BD45A1DD937EC00402FD3 /* UIApplication.swift */ = {isa = PBXFileReference; fileEncoding = 4; lastKnownFileType = sourcecode.swift; path = UIApplication.swift; sourceTree = "<group>"; };
		DE3BD45C1DD93B6500402FD3 /* UITableView.swift */ = {isa = PBXFileReference; fileEncoding = 4; lastKnownFileType = sourcecode.swift; path = UITableView.swift; sourceTree = "<group>"; };
		DE3BD45F1DD93EE600402FD3 /* MenuHeaderView.xib */ = {isa = PBXFileReference; fileEncoding = 4; lastKnownFileType = file.xib; path = MenuHeaderView.xib; sourceTree = "<group>"; };
		DE3BD4611DD9402300402FD3 /* MenuHeaderView.swift */ = {isa = PBXFileReference; fileEncoding = 4; lastKnownFileType = sourcecode.swift; path = MenuHeaderView.swift; sourceTree = "<group>"; };
		DE3BD4631DD9463D00402FD3 /* UIView.swift */ = {isa = PBXFileReference; fileEncoding = 4; lastKnownFileType = sourcecode.swift; path = UIView.swift; sourceTree = "<group>"; };
		DEC64F971DDAFE07001B8B9A /* LegHouseViewController.swift */ = {isa = PBXFileReference; fileEncoding = 4; lastKnownFileType = sourcecode.swift; path = LegHouseViewController.swift; sourceTree = "<group>"; };
		DEC64F9B1DDBA279001B8B9A /* LegisSubViews.storyboard */ = {isa = PBXFileReference; fileEncoding = 4; lastKnownFileType = file.storyboard; path = LegisSubViews.storyboard; sourceTree = "<group>"; };
		DEC64F9D1DDBA2AB001B8B9A /* LegisDetailViewController.swift */ = {isa = PBXFileReference; fileEncoding = 4; lastKnownFileType = sourcecode.swift; path = LegisDetailViewController.swift; sourceTree = "<group>"; };
/* End PBXFileReference section */

/* Begin PBXFrameworksBuildPhase section */
		DE3BD4151DD8EAC600402FD3 /* Frameworks */ = {
			isa = PBXFrameworksBuildPhase;
			buildActionMask = 2147483647;
			files = (
				B56B600893DC7144BE0E6A48 /* Pods_CocoaCongress.framework in Frameworks */,
			);
			runOnlyForDeploymentPostprocessing = 0;
		};
		DE3BD4291DD8EAC600402FD3 /* Frameworks */ = {
			isa = PBXFrameworksBuildPhase;
			buildActionMask = 2147483647;
			files = (
			);
			runOnlyForDeploymentPostprocessing = 0;
		};
		DE3BD4341DD8EAC600402FD3 /* Frameworks */ = {
			isa = PBXFrameworksBuildPhase;
			buildActionMask = 2147483647;
			files = (
			);
			runOnlyForDeploymentPostprocessing = 0;
		};
/* End PBXFrameworksBuildPhase section */

/* Begin PBXGroup section */
		8BC626F5EA0A184F0845A2DD /* Pods */ = {
			isa = PBXGroup;
			children = (
				D6A92E67A7F7B0E4873FFA9D /* Pods-CocoaCongress.debug.xcconfig */,
				08B3074B0B0A0DCECB174696 /* Pods-CocoaCongress.release.xcconfig */,
			);
			name = Pods;
			sourceTree = "<group>";
		};
		CF1FD69F89B4456BA5E35BA3 /* Frameworks */ = {
			isa = PBXGroup;
			children = (
				96C3CC8F57A795B2BCE9F629 /* Pods_CocoaCongress.framework */,
			);
			name = Frameworks;
			sourceTree = "<group>";
		};
		DE0E30411DDA7ECE00427054 /* TableCells */ = {
			isa = PBXGroup;
			children = (
				DE0E30441DDA805900427054 /* LegisTableViewCell.swift */,
				DE0E30451DDA805900427054 /* LegisTableViewCell.xib */,
			);
			name = TableCells;
			sourceTree = "<group>";
		};
		DE3BD40F1DD8EAC600402FD3 = {
			isa = PBXGroup;
			children = (
				DE3BD41A1DD8EAC600402FD3 /* CocoaCongress */,
				DE3BD42F1DD8EAC600402FD3 /* CocoaCongressTests */,
				DE3BD43A1DD8EAC600402FD3 /* CocoaCongressUITests */,
				DE3BD4191DD8EAC600402FD3 /* Products */,
				8BC626F5EA0A184F0845A2DD /* Pods */,
				CF1FD69F89B4456BA5E35BA3 /* Frameworks */,
			);
			sourceTree = "<group>";
		};
		DE3BD4191DD8EAC600402FD3 /* Products */ = {
			isa = PBXGroup;
			children = (
				DE3BD4181DD8EAC600402FD3 /* CocoaCongress.app */,
				DE3BD42C1DD8EAC600402FD3 /* CocoaCongressTests.xctest */,
				DE3BD4371DD8EAC600402FD3 /* CocoaCongressUITests.xctest */,
			);
			name = Products;
			sourceTree = "<group>";
		};
		DE3BD41A1DD8EAC600402FD3 /* CocoaCongress */ = {
			isa = PBXGroup;
			children = (
				DEC64F991DDAFE2D001B8B9A /* LegislatorTab */,
				DE0E30411DDA7ECE00427054 /* TableCells */,
				DE3BD45E1DD93EC200402FD3 /* MiniViews */,
				DE3BD4531DD936F100402FD3 /* Extensions */,
				DE3BD41B1DD8EAC600402FD3 /* AppDelegate.swift */,
				DE3BD41F1DD8EAC600402FD3 /* Main.storyboard */,
				DE3BD4221DD8EAC600402FD3 /* Assets.xcassets */,
				DE3BD4241DD8EAC600402FD3 /* LaunchScreen.storyboard */,
				DE3BD4271DD8EAC600402FD3 /* Info.plist */,
				DE3BD44B1DD92CC800402FD3 /* LeftMenuViewController.swift */,
				DE3BD4511DD92EC300402FD3 /* BillTabBarController.swift */,
				DE0E30391DD96FA500427054 /* ComTabBarController.swift */,
				DE0E303B1DD9701200427054 /* FavTabBarController.swift */,
				DE0E303D1DD9725300427054 /* AboutViewController.swift */,
				DE0E303F1DD97E9A00427054 /* ExSlideMenuController.swift */,
			);
			path = CocoaCongress;
			sourceTree = "<group>";
		};
		DE3BD42F1DD8EAC600402FD3 /* CocoaCongressTests */ = {
			isa = PBXGroup;
			children = (
				DE3BD4301DD8EAC600402FD3 /* CocoaCongressTests.swift */,
				DE3BD4321DD8EAC600402FD3 /* Info.plist */,
			);
			path = CocoaCongressTests;
			sourceTree = "<group>";
		};
		DE3BD43A1DD8EAC600402FD3 /* CocoaCongressUITests */ = {
			isa = PBXGroup;
			children = (
				DE3BD43B1DD8EAC600402FD3 /* CocoaCongressUITests.swift */,
				DE3BD43D1DD8EAC600402FD3 /* Info.plist */,
			);
			path = CocoaCongressUITests;
			sourceTree = "<group>";
		};
		DE3BD4531DD936F100402FD3 /* Extensions */ = {
			isa = PBXGroup;
			children = (
				DE3BD4541DD9371700402FD3 /* UIColor.swift */,
				DE3BD4561DD9375100402FD3 /* String.swift */,
				DE3BD4581DD937C300402FD3 /* UIViewController.swift */,
				DE3BD45A1DD937EC00402FD3 /* UIApplication.swift */,
				DE3BD45C1DD93B6500402FD3 /* UITableView.swift */,
				DE3BD4631DD9463D00402FD3 /* UIView.swift */,
			);
			name = Extensions;
			sourceTree = "<group>";
		};
		DE3BD45E1DD93EC200402FD3 /* MiniViews */ = {
			isa = PBXGroup;
			children = (
				DE3BD45F1DD93EE600402FD3 /* MenuHeaderView.xib */,
				DE3BD4611DD9402300402FD3 /* MenuHeaderView.swift */,
			);
			name = MiniViews;
			sourceTree = "<group>";
		};
		DEC64F991DDAFE2D001B8B9A /* LegislatorTab */ = {
			isa = PBXGroup;
			children = (
				DEC64F9A1DDBA262001B8B9A /* SubViews */,
				DE3BD44F1DD92DBE00402FD3 /* LegStateViewController.swift */,
				DEC64F971DDAFE07001B8B9A /* LegHouseViewController.swift */,
				DE3BD44D1DD92D6700402FD3 /* LegislatorTabBarController.swift */,
			);
			name = LegislatorTab;
			sourceTree = "<group>";
		};
		DEC64F9A1DDBA262001B8B9A /* SubViews */ = {
			isa = PBXGroup;
			children = (
				DEC64F9B1DDBA279001B8B9A /* LegisSubViews.storyboard */,
				DEC64F9D1DDBA2AB001B8B9A /* LegisDetailViewController.swift */,
			);
			name = SubViews;
			sourceTree = "<group>";
		};
/* End PBXGroup section */

/* Begin PBXNativeTarget section */
		DE3BD4171DD8EAC600402FD3 /* CocoaCongress */ = {
			isa = PBXNativeTarget;
			buildConfigurationList = DE3BD4401DD8EAC600402FD3 /* Build configuration list for PBXNativeTarget "CocoaCongress" */;
			buildPhases = (
				98558E3977B1E2245C4FA54B /* [CP] Check Pods Manifest.lock */,
				DE3BD4141DD8EAC600402FD3 /* Sources */,
				DE3BD4151DD8EAC600402FD3 /* Frameworks */,
				DE3BD4161DD8EAC600402FD3 /* Resources */,
				970E3610D23CD04E6AC67E83 /* [CP] Embed Pods Frameworks */,
				44F832A196DEA6AE5AE1705F /* [CP] Copy Pods Resources */,
			);
			buildRules = (
			);
			dependencies = (
			);
			name = CocoaCongress;
			productName = CocoaCongress;
			productReference = DE3BD4181DD8EAC600402FD3 /* CocoaCongress.app */;
			productType = "com.apple.product-type.application";
		};
		DE3BD42B1DD8EAC600402FD3 /* CocoaCongressTests */ = {
			isa = PBXNativeTarget;
			buildConfigurationList = DE3BD4431DD8EAC600402FD3 /* Build configuration list for PBXNativeTarget "CocoaCongressTests" */;
			buildPhases = (
				DE3BD4281DD8EAC600402FD3 /* Sources */,
				DE3BD4291DD8EAC600402FD3 /* Frameworks */,
				DE3BD42A1DD8EAC600402FD3 /* Resources */,
			);
			buildRules = (
			);
			dependencies = (
				DE3BD42E1DD8EAC600402FD3 /* PBXTargetDependency */,
			);
			name = CocoaCongressTests;
			productName = CocoaCongressTests;
			productReference = DE3BD42C1DD8EAC600402FD3 /* CocoaCongressTests.xctest */;
			productType = "com.apple.product-type.bundle.unit-test";
		};
		DE3BD4361DD8EAC600402FD3 /* CocoaCongressUITests */ = {
			isa = PBXNativeTarget;
			buildConfigurationList = DE3BD4461DD8EAC600402FD3 /* Build configuration list for PBXNativeTarget "CocoaCongressUITests" */;
			buildPhases = (
				DE3BD4331DD8EAC600402FD3 /* Sources */,
				DE3BD4341DD8EAC600402FD3 /* Frameworks */,
				DE3BD4351DD8EAC600402FD3 /* Resources */,
			);
			buildRules = (
			);
			dependencies = (
				DE3BD4391DD8EAC600402FD3 /* PBXTargetDependency */,
			);
			name = CocoaCongressUITests;
			productName = CocoaCongressUITests;
			productReference = DE3BD4371DD8EAC600402FD3 /* CocoaCongressUITests.xctest */;
			productType = "com.apple.product-type.bundle.ui-testing";
		};
/* End PBXNativeTarget section */

/* Begin PBXProject section */
		DE3BD4101DD8EAC600402FD3 /* Project object */ = {
			isa = PBXProject;
			attributes = {
				LastSwiftUpdateCheck = 0800;
				LastUpgradeCheck = 0800;
				ORGANIZATIONNAME = Cccmm002;
				TargetAttributes = {
					DE3BD4171DD8EAC600402FD3 = {
						CreatedOnToolsVersion = 8.0;
						DevelopmentTeam = GBQ5TPLP6V;
						ProvisioningStyle = Automatic;
					};
					DE3BD42B1DD8EAC600402FD3 = {
						CreatedOnToolsVersion = 8.0;
						DevelopmentTeam = GBQ5TPLP6V;
						ProvisioningStyle = Automatic;
						TestTargetID = DE3BD4171DD8EAC600402FD3;
					};
					DE3BD4361DD8EAC600402FD3 = {
						CreatedOnToolsVersion = 8.0;
						DevelopmentTeam = GBQ5TPLP6V;
						ProvisioningStyle = Automatic;
						TestTargetID = DE3BD4171DD8EAC600402FD3;
					};
				};
			};
			buildConfigurationList = DE3BD4131DD8EAC600402FD3 /* Build configuration list for PBXProject "CocoaCongress" */;
			compatibilityVersion = "Xcode 3.2";
			developmentRegion = English;
			hasScannedForEncodings = 0;
			knownRegions = (
				en,
				Base,
			);
			mainGroup = DE3BD40F1DD8EAC600402FD3;
			productRefGroup = DE3BD4191DD8EAC600402FD3 /* Products */;
			projectDirPath = "";
			projectRoot = "";
			targets = (
				DE3BD4171DD8EAC600402FD3 /* CocoaCongress */,
				DE3BD42B1DD8EAC600402FD3 /* CocoaCongressTests */,
				DE3BD4361DD8EAC600402FD3 /* CocoaCongressUITests */,
			);
		};
/* End PBXProject section */

/* Begin PBXResourcesBuildPhase section */
		DE3BD4161DD8EAC600402FD3 /* Resources */ = {
			isa = PBXResourcesBuildPhase;
			buildActionMask = 2147483647;
			files = (
				DE3BD4601DD93EE600402FD3 /* MenuHeaderView.xib in Resources */,
				DE3BD4261DD8EAC600402FD3 /* LaunchScreen.storyboard in Resources */,
				DE3BD4231DD8EAC600402FD3 /* Assets.xcassets in Resources */,
				DEC64F9C1DDBA279001B8B9A /* LegisSubViews.storyboard in Resources */,
				DE3BD4211DD8EAC600402FD3 /* Main.storyboard in Resources */,
				DE0E30471DDA805900427054 /* LegisTableViewCell.xib in Resources */,
			);
			runOnlyForDeploymentPostprocessing = 0;
		};
		DE3BD42A1DD8EAC600402FD3 /* Resources */ = {
			isa = PBXResourcesBuildPhase;
			buildActionMask = 2147483647;
			files = (
			);
			runOnlyForDeploymentPostprocessing = 0;
		};
		DE3BD4351DD8EAC600402FD3 /* Resources */ = {
			isa = PBXResourcesBuildPhase;
			buildActionMask = 2147483647;
			files = (
			);
			runOnlyForDeploymentPostprocessing = 0;
		};
/* End PBXResourcesBuildPhase section */

/* Begin PBXShellScriptBuildPhase section */
		44F832A196DEA6AE5AE1705F /* [CP] Copy Pods Resources */ = {
			isa = PBXShellScriptBuildPhase;
			buildActionMask = 2147483647;
			files = (
			);
			inputPaths = (
			);
			name = "[CP] Copy Pods Resources";
			outputPaths = (
			);
			runOnlyForDeploymentPostprocessing = 0;
			shellPath = /bin/sh;
			shellScript = "\"${SRCROOT}/Pods/Target Support Files/Pods-CocoaCongress/Pods-CocoaCongress-resources.sh\"\n";
			showEnvVarsInLog = 0;
		};
		970E3610D23CD04E6AC67E83 /* [CP] Embed Pods Frameworks */ = {
			isa = PBXShellScriptBuildPhase;
			buildActionMask = 2147483647;
			files = (
			);
			inputPaths = (
			);
			name = "[CP] Embed Pods Frameworks";
			outputPaths = (
			);
			runOnlyForDeploymentPostprocessing = 0;
			shellPath = /bin/sh;
			shellScript = "\"${SRCROOT}/Pods/Target Support Files/Pods-CocoaCongress/Pods-CocoaCongress-frameworks.sh\"\n";
			showEnvVarsInLog = 0;
		};
		98558E3977B1E2245C4FA54B /* [CP] Check Pods Manifest.lock */ = {
			isa = PBXShellScriptBuildPhase;
			buildActionMask = 2147483647;
			files = (
			);
			inputPaths = (
			);
			name = "[CP] Check Pods Manifest.lock";
			outputPaths = (
			);
			runOnlyForDeploymentPostprocessing = 0;
			shellPath = /bin/sh;
			shellScript = "diff \"${PODS_ROOT}/../Podfile.lock\" \"${PODS_ROOT}/Manifest.lock\" > /dev/null\nif [ $? != 0 ] ; then\n    # print error to STDERR\n    echo \"error: The sandbox is not in sync with the Podfile.lock. Run 'pod install' or update your CocoaPods installation.\" >&2\n    exit 1\nfi\n";
			showEnvVarsInLog = 0;
		};
/* End PBXShellScriptBuildPhase section */

/* Begin PBXSourcesBuildPhase section */
		DE3BD4141DD8EAC600402FD3 /* Sources */ = {
			isa = PBXSourcesBuildPhase;
			buildActionMask = 2147483647;
			files = (
				DE3BD45B1DD937EC00402FD3 /* UIApplication.swift in Sources */,
				DE0E303C1DD9701200427054 /* FavTabBarController.swift in Sources */,
				DE3BD44E1DD92D6700402FD3 /* LegislatorTabBarController.swift in Sources */,
				DE0E303E1DD9725300427054 /* AboutViewController.swift in Sources */,
				DE3BD4551DD9371700402FD3 /* UIColor.swift in Sources */,
				DE0E30461DDA805900427054 /* LegisTableViewCell.swift in Sources */,
				DE3BD41C1DD8EAC600402FD3 /* AppDelegate.swift in Sources */,
				DE3BD4641DD9463D00402FD3 /* UIView.swift in Sources */,
				DE3BD44C1DD92CC800402FD3 /* LeftMenuViewController.swift in Sources */,
				DE0E303A1DD96FA500427054 /* ComTabBarController.swift in Sources */,
				DE3BD4571DD9375100402FD3 /* String.swift in Sources */,
				DE3BD4521DD92EC300402FD3 /* BillTabBarController.swift in Sources */,
				DEC64F9E1DDBA2AB001B8B9A /* LegisDetailViewController.swift in Sources */,
				DE3BD45D1DD93B6500402FD3 /* UITableView.swift in Sources */,
				DE3BD4591DD937C300402FD3 /* UIViewController.swift in Sources */,
				DEC64F981DDAFE07001B8B9A /* LegHouseViewController.swift in Sources */,
				DE0E30401DD97E9A00427054 /* ExSlideMenuController.swift in Sources */,
				DE3BD4621DD9402300402FD3 /* MenuHeaderView.swift in Sources */,
				DE3BD4501DD92DBE00402FD3 /* LegStateViewController.swift in Sources */,
			);
			runOnlyForDeploymentPostprocessing = 0;
		};
		DE3BD4281DD8EAC600402FD3 /* Sources */ = {
			isa = PBXSourcesBuildPhase;
			buildActionMask = 2147483647;
			files = (
				DE3BD4311DD8EAC600402FD3 /* CocoaCongressTests.swift in Sources */,
			);
			runOnlyForDeploymentPostprocessing = 0;
		};
		DE3BD4331DD8EAC600402FD3 /* Sources */ = {
			isa = PBXSourcesBuildPhase;
			buildActionMask = 2147483647;
			files = (
				DE3BD43C1DD8EAC600402FD3 /* CocoaCongressUITests.swift in Sources */,
			);
			runOnlyForDeploymentPostprocessing = 0;
		};
/* End PBXSourcesBuildPhase section */

/* Begin PBXTargetDependency section */
		DE3BD42E1DD8EAC600402FD3 /* PBXTargetDependency */ = {
			isa = PBXTargetDependency;
			target = DE3BD4171DD8EAC600402FD3 /* CocoaCongress */;
			targetProxy = DE3BD42D1DD8EAC600402FD3 /* PBXContainerItemProxy */;
		};
		DE3BD4391DD8EAC600402FD3 /* PBXTargetDependency */ = {
			isa = PBXTargetDependency;
			target = DE3BD4171DD8EAC600402FD3 /* CocoaCongress */;
			targetProxy = DE3BD4381DD8EAC600402FD3 /* PBXContainerItemProxy */;
		};
/* End PBXTargetDependency section */

/* Begin PBXVariantGroup section */
		DE3BD41F1DD8EAC600402FD3 /* Main.storyboard */ = {
			isa = PBXVariantGroup;
			children = (
				DE3BD4201DD8EAC600402FD3 /* Base */,
			);
			name = Main.storyboard;
			sourceTree = "<group>";
		};
		DE3BD4241DD8EAC600402FD3 /* LaunchScreen.storyboard */ = {
			isa = PBXVariantGroup;
			children = (
				DE3BD4251DD8EAC600402FD3 /* Base */,
			);
			name = LaunchScreen.storyboard;
			sourceTree = "<group>";
		};
/* End PBXVariantGroup section */

/* Begin XCBuildConfiguration section */
		DE3BD43E1DD8EAC600402FD3 /* Debug */ = {
			isa = XCBuildConfiguration;
			buildSettings = {
				ALWAYS_SEARCH_USER_PATHS = NO;
				CLANG_ANALYZER_NONNULL = YES;
				CLANG_CXX_LANGUAGE_STANDARD = "gnu++0x";
				CLANG_CXX_LIBRARY = "libc++";
				CLANG_ENABLE_MODULES = YES;
				CLANG_ENABLE_OBJC_ARC = YES;
				CLANG_WARN_BOOL_CONVERSION = YES;
				CLANG_WARN_CONSTANT_CONVERSION = YES;
				CLANG_WARN_DIRECT_OBJC_ISA_USAGE = YES_ERROR;
				CLANG_WARN_DOCUMENTATION_COMMENTS = YES;
				CLANG_WARN_EMPTY_BODY = YES;
				CLANG_WARN_ENUM_CONVERSION = YES;
				CLANG_WARN_INFINITE_RECURSION = YES;
				CLANG_WARN_INT_CONVERSION = YES;
				CLANG_WARN_OBJC_ROOT_CLASS = YES_ERROR;
				CLANG_WARN_SUSPICIOUS_MOVES = YES;
				CLANG_WARN_UNREACHABLE_CODE = YES;
				CLANG_WARN__DUPLICATE_METHOD_MATCH = YES;
				"CODE_SIGN_IDENTITY[sdk=iphoneos*]" = "iPhone Developer";
				COPY_PHASE_STRIP = NO;
				DEBUG_INFORMATION_FORMAT = dwarf;
				ENABLE_STRICT_OBJC_MSGSEND = YES;
				ENABLE_TESTABILITY = YES;
				GCC_C_LANGUAGE_STANDARD = gnu99;
				GCC_DYNAMIC_NO_PIC = NO;
				GCC_NO_COMMON_BLOCKS = YES;
				GCC_OPTIMIZATION_LEVEL = 0;
				GCC_PREPROCESSOR_DEFINITIONS = (
					"DEBUG=1",
					"$(inherited)",
				);
				GCC_WARN_64_TO_32_BIT_CONVERSION = YES;
				GCC_WARN_ABOUT_RETURN_TYPE = YES_ERROR;
				GCC_WARN_UNDECLARED_SELECTOR = YES;
				GCC_WARN_UNINITIALIZED_AUTOS = YES_AGGRESSIVE;
				GCC_WARN_UNUSED_FUNCTION = YES;
				GCC_WARN_UNUSED_VARIABLE = YES;
				IPHONEOS_DEPLOYMENT_TARGET = 10.0;
				MTL_ENABLE_DEBUG_INFO = YES;
				ONLY_ACTIVE_ARCH = YES;
				SDKROOT = iphoneos;
				SWIFT_ACTIVE_COMPILATION_CONDITIONS = DEBUG;
				SWIFT_OPTIMIZATION_LEVEL = "-Onone";
			};
			name = Debug;
		};
		DE3BD43F1DD8EAC600402FD3 /* Release */ = {
			isa = XCBuildConfiguration;
			buildSettings = {
				ALWAYS_SEARCH_USER_PATHS = NO;
				CLANG_ANALYZER_NONNULL = YES;
				CLANG_CXX_LANGUAGE_STANDARD = "gnu++0x";
				CLANG_CXX_LIBRARY = "libc++";
				CLANG_ENABLE_MODULES = YES;
				CLANG_ENABLE_OBJC_ARC = YES;
				CLANG_WARN_BOOL_CONVERSION = YES;
				CLANG_WARN_CONSTANT_CONVERSION = YES;
				CLANG_WARN_DIRECT_OBJC_ISA_USAGE = YES_ERROR;
				CLANG_WARN_DOCUMENTATION_COMMENTS = YES;
				CLANG_WARN_EMPTY_BODY = YES;
				CLANG_WARN_ENUM_CONVERSION = YES;
				CLANG_WARN_INFINITE_RECURSION = YES;
				CLANG_WARN_INT_CONVERSION = YES;
				CLANG_WARN_OBJC_ROOT_CLASS = YES_ERROR;
				CLANG_WARN_SUSPICIOUS_MOVES = YES;
				CLANG_WARN_UNREACHABLE_CODE = YES;
				CLANG_WARN__DUPLICATE_METHOD_MATCH = YES;
				"CODE_SIGN_IDENTITY[sdk=iphoneos*]" = "iPhone Developer";
				COPY_PHASE_STRIP = NO;
				DEBUG_INFORMATION_FORMAT = "dwarf-with-dsym";
				ENABLE_NS_ASSERTIONS = NO;
				ENABLE_STRICT_OBJC_MSGSEND = YES;
				GCC_C_LANGUAGE_STANDARD = gnu99;
				GCC_NO_COMMON_BLOCKS = YES;
				GCC_WARN_64_TO_32_BIT_CONVERSION = YES;
				GCC_WARN_ABOUT_RETURN_TYPE = YES_ERROR;
				GCC_WARN_UNDECLARED_SELECTOR = YES;
				GCC_WARN_UNINITIALIZED_AUTOS = YES_AGGRESSIVE;
				GCC_WARN_UNUSED_FUNCTION = YES;
				GCC_WARN_UNUSED_VARIABLE = YES;
				IPHONEOS_DEPLOYMENT_TARGET = 10.0;
				MTL_ENABLE_DEBUG_INFO = NO;
				SDKROOT = iphoneos;
				SWIFT_OPTIMIZATION_LEVEL = "-Owholemodule";
				VALIDATE_PRODUCT = YES;
			};
			name = Release;
		};
		DE3BD4411DD8EAC600402FD3 /* Debug */ = {
			isa = XCBuildConfiguration;
			baseConfigurationReference = D6A92E67A7F7B0E4873FFA9D /* Pods-CocoaCongress.debug.xcconfig */;
			buildSettings = {
				ASSETCATALOG_COMPILER_APPICON_NAME = AppIcon;
				DEVELOPMENT_TEAM = GBQ5TPLP6V;
				INFOPLIST_FILE = CocoaCongress/Info.plist;
				LD_RUNPATH_SEARCH_PATHS = "$(inherited) @executable_path/Frameworks";
				PRODUCT_BUNDLE_IDENTIFIER = com.Cccmm.CocoaCongress;
				PRODUCT_NAME = "$(TARGET_NAME)";
				SWIFT_VERSION = 3.0;
			};
			name = Debug;
		};
		DE3BD4421DD8EAC600402FD3 /* Release */ = {
			isa = XCBuildConfiguration;
			baseConfigurationReference = 08B3074B0B0A0DCECB174696 /* Pods-CocoaCongress.release.xcconfig */;
			buildSettings = {
				ASSETCATALOG_COMPILER_APPICON_NAME = AppIcon;
				DEVELOPMENT_TEAM = GBQ5TPLP6V;
				INFOPLIST_FILE = CocoaCongress/Info.plist;
				LD_RUNPATH_SEARCH_PATHS = "$(inherited) @executable_path/Frameworks";
				PRODUCT_BUNDLE_IDENTIFIER = com.Cccmm.CocoaCongress;
				PRODUCT_NAME = "$(TARGET_NAME)";
				SWIFT_VERSION = 3.0;
			};
			name = Release;
		};
		DE3BD4441DD8EAC600402FD3 /* Debug */ = {
			isa = XCBuildConfiguration;
			buildSettings = {
				ALWAYS_EMBED_SWIFT_STANDARD_LIBRARIES = YES;
				BUNDLE_LOADER = "$(TEST_HOST)";
				DEVELOPMENT_TEAM = GBQ5TPLP6V;
				INFOPLIST_FILE = CocoaCongressTests/Info.plist;
				LD_RUNPATH_SEARCH_PATHS = "$(inherited) @executable_path/Frameworks @loader_path/Frameworks";
				PRODUCT_BUNDLE_IDENTIFIER = com.Cccmm.CocoaCongressTests;
				PRODUCT_NAME = "$(TARGET_NAME)";
				SWIFT_VERSION = 3.0;
				TEST_HOST = "$(BUILT_PRODUCTS_DIR)/CocoaCongress.app/CocoaCongress";
			};
			name = Debug;
		};
		DE3BD4451DD8EAC600402FD3 /* Release */ = {
			isa = XCBuildConfiguration;
			buildSettings = {
				ALWAYS_EMBED_SWIFT_STANDARD_LIBRARIES = YES;
				BUNDLE_LOADER = "$(TEST_HOST)";
				DEVELOPMENT_TEAM = GBQ5TPLP6V;
				INFOPLIST_FILE = CocoaCongressTests/Info.plist;
				LD_RUNPATH_SEARCH_PATHS = "$(inherited) @executable_path/Frameworks @loader_path/Frameworks";
				PRODUCT_BUNDLE_IDENTIFIER = com.Cccmm.CocoaCongressTests;
				PRODUCT_NAME = "$(TARGET_NAME)";
				SWIFT_VERSION = 3.0;
				TEST_HOST = "$(BUILT_PRODUCTS_DIR)/CocoaCongress.app/CocoaCongress";
			};
			name = Release;
		};
		DE3BD4471DD8EAC600402FD3 /* Debug */ = {
			isa = XCBuildConfiguration;
			buildSettings = {
				ALWAYS_EMBED_SWIFT_STANDARD_LIBRARIES = YES;
				DEVELOPMENT_TEAM = GBQ5TPLP6V;
				INFOPLIST_FILE = CocoaCongressUITests/Info.plist;
				LD_RUNPATH_SEARCH_PATHS = "$(inherited) @executable_path/Frameworks @loader_path/Frameworks";
				PRODUCT_BUNDLE_IDENTIFIER = com.Cccmm.CocoaCongressUITests;
				PRODUCT_NAME = "$(TARGET_NAME)";
				SWIFT_VERSION = 3.0;
				TEST_TARGET_NAME = CocoaCongress;
			};
			name = Debug;
		};
		DE3BD4481DD8EAC600402FD3 /* Release */ = {
			isa = XCBuildConfiguration;
			buildSettings = {
				ALWAYS_EMBED_SWIFT_STANDARD_LIBRARIES = YES;
				DEVELOPMENT_TEAM = GBQ5TPLP6V;
				INFOPLIST_FILE = CocoaCongressUITests/Info.plist;
				LD_RUNPATH_SEARCH_PATHS = "$(inherited) @executable_path/Frameworks @loader_path/Frameworks";
				PRODUCT_BUNDLE_IDENTIFIER = com.Cccmm.CocoaCongressUITests;
				PRODUCT_NAME = "$(TARGET_NAME)";
				SWIFT_VERSION = 3.0;
				TEST_TARGET_NAME = CocoaCongress;
			};
			name = Release;
		};
/* End XCBuildConfiguration section */

/* Begin XCConfigurationList section */
		DE3BD4131DD8EAC600402FD3 /* Build configuration list for PBXProject "CocoaCongress" */ = {
			isa = XCConfigurationList;
			buildConfigurations = (
				DE3BD43E1DD8EAC600402FD3 /* Debug */,
				DE3BD43F1DD8EAC600402FD3 /* Release */,
			);
			defaultConfigurationIsVisible = 0;
			defaultConfigurationName = Release;
		};
		DE3BD4401DD8EAC600402FD3 /* Build configuration list for PBXNativeTarget "CocoaCongress" */ = {
			isa = XCConfigurationList;
			buildConfigurations = (
				DE3BD4411DD8EAC600402FD3 /* Debug */,
				DE3BD4421DD8EAC600402FD3 /* Release */,
			);
			defaultConfigurationIsVisible = 0;
			defaultConfigurationName = Release;
		};
		DE3BD4431DD8EAC600402FD3 /* Build configuration list for PBXNativeTarget "CocoaCongressTests" */ = {
			isa = XCConfigurationList;
			buildConfigurations = (
				DE3BD4441DD8EAC600402FD3 /* Debug */,
				DE3BD4451DD8EAC600402FD3 /* Release */,
			);
			defaultConfigurationIsVisible = 0;
			defaultConfigurationName = Release;
		};
		DE3BD4461DD8EAC600402FD3 /* Build configuration list for PBXNativeTarget "CocoaCongressUITests" */ = {
			isa = XCConfigurationList;
			buildConfigurations = (
				DE3BD4471DD8EAC600402FD3 /* Debug */,
				DE3BD4481DD8EAC600402FD3 /* Release */,
			);
			defaultConfigurationIsVisible = 0;
			defaultConfigurationName = Release;
		};
/* End XCConfigurationList section */
	};
	rootObject = DE3BD4101DD8EAC600402FD3 /* Project object */;
}
